
Microsoft Visual Studio Solution File, Format Version 12.00
# Visual Studio Version 17
VisualStudioVersion = 17.10.34916.146
MinimumVisualStudioVersion = 10.0.40219.1
Project("{2150E333-8FDC-42A3-9474-1A3956D46DE8}") = "WebApp", "WebApp", "{E8AB6912-1CDB-42E0-B7EA-F3A9BF76B795}"
EndProject
Project("{FAE04EC0-301F-11D3-BF4B-00C04F79EFBC}") = "CDataSample.Server", "CDataSample.Server\CDataSample.Server.csproj", "{B116F8D9-5743-490F-9989-1FF4179626EA}"
EndProject
Project("{FAE04EC0-301F-11D3-BF4B-00C04F79EFBC}") = "CDataSample.Client", "CDataSample.Client\CDataSample.Client.csproj", "{1D02ACA2-1604-48BA-861E-DCFBA85667F1}"
EndProject
Project("{FAE04EC0-301F-11D3-BF4B-00C04F79EFBC}") = "CDataSample.Client.Shared", "CDataSample.Client.Shared\CDataSample.Client.Shared.csproj", "{5D29E443-8A52-4407-9B51-26526E4EF29C}"
EndProject
Project("{FAE04EC0-301F-11D3-BF4B-00C04F79EFBC}") = "CDataSample.Server.Shared", "CDataSample.Server.Shared\CDataSample.Server.Shared.csproj", "{4A01863C-743D-4934-AB18-8DE7FA8A2183}"
EndProject
Project("{FAE04EC0-301F-11D3-BF4B-00C04F79EFBC}") = "CDataSample.Designer", "CDataSample.Designer\CDataSample.Designer.csproj", "{3CCA371B-D819-4246-96BA-6BCC683A3CAA}"
EndProject
Global
	GlobalSection(SolutionConfigurationPlatforms) = preSolution
		Debug|Any CPU = Debug|Any CPU
		Release|Any CPU = Release|Any CPU
	EndGlobalSection
	GlobalSection(ProjectConfigurationPlatforms) = postSolution
		{B116F8D9-5743-490F-9989-1FF4179626EA}.Debug|Any CPU.ActiveCfg = Debug|Any CPU
		{B116F8D9-5743-490F-9989-1FF4179626EA}.Debug|Any CPU.Build.0 = Debug|Any CPU
		{B116F8D9-5743-490F-9989-1FF4179626EA}.Release|Any CPU.ActiveCfg = Release|Any CPU
		{B116F8D9-5743-490F-9989-1FF4179626EA}.Release|Any CPU.Build.0 = Release|Any CPU
		{1D02ACA2-1604-48BA-861E-DCFBA85667F1}.Debug|Any CPU.ActiveCfg = Debug|Any CPU
		{1D02ACA2-1604-48BA-861E-DCFBA85667F1}.Debug|Any CPU.Build.0 = Debug|Any CPU
		{1D02ACA2-1604-48BA-861E-DCFBA85667F1}.Release|Any CPU.ActiveCfg = Release|Any CPU
		{1D02ACA2-1604-48BA-861E-DCFBA85667F1}.Release|Any CPU.Build.0 = Release|Any CPU
		{5D29E443-8A52-4407-9B51-26526E4EF29C}.Debug|Any CPU.ActiveCfg = Debug|Any CPU
		{5D29E443-8A52-4407-9B51-26526E4EF29C}.Debug|Any CPU.Build.0 = Debug|Any CPU
		{5D29E443-8A52-4407-9B51-26526E4EF29C}.Release|Any CPU.ActiveCfg = Release|Any CPU
		{5D29E443-8A52-4407-9B51-26526E4EF29C}.Release|Any CPU.Build.0 = Release|Any CPU
		{4A01863C-743D-4934-AB18-8DE7FA8A2183}.Debug|Any CPU.ActiveCfg = Debug|Any CPU
		{4A01863C-743D-4934-AB18-8DE7FA8A2183}.Debug|Any CPU.Build.0 = Debug|Any CPU
		{4A01863C-743D-4934-AB18-8DE7FA8A2183}.Release|Any CPU.ActiveCfg = Release|Any CPU
		{4A01863C-743D-4934-AB18-8DE7FA8A2183}.Release|Any CPU.Build.0 = Release|Any CPU
		{3CCA371B-D819-4246-96BA-6BCC683A3CAA}.Debug|Any CPU.ActiveCfg = Debug|Any CPU
		{3CCA371B-D819-4246-96BA-6BCC683A3CAA}.Debug|Any CPU.Build.0 = Debug|Any CPU
		{3CCA371B-D819-4246-96BA-6BCC683A3CAA}.Release|Any CPU.ActiveCfg = Release|Any CPU
		{3CCA371B-D819-4246-96BA-6BCC683A3CAA}.Release|Any CPU.Build.0 = Release|Any CPU
	EndGlobalSection
	GlobalSection(SolutionProperties) = preSolution
		HideSolutionNode = FALSE
	EndGlobalSection
	GlobalSection(NestedProjects) = preSolution
		{B116F8D9-5743-490F-9989-1FF4179626EA} = {E8AB6912-1CDB-42E0-B7EA-F3A9BF76B795}
		{1D02ACA2-1604-48BA-861E-DCFBA85667F1} = {E8AB6912-1CDB-42E0-B7EA-F3A9BF76B795}
		{5D29E443-8A52-4407-9B51-26526E4EF29C} = {E8AB6912-1CDB-42E0-B7EA-F3A9BF76B795}
		{4A01863C-743D-4934-AB18-8DE7FA8A2183} = {E8AB6912-1CDB-42E0-B7EA-F3A9BF76B795}
	EndGlobalSection
	GlobalSection(ExtensibilityGlobals) = postSolution
		SolutionGuid = {AC0264D7-2708-4BC0-B8EB-B35A5747889E}
	EndGlobalSection
EndGlobal
