
Microsoft Visual Studio Solution File, Format Version 12.00
# Visual Studio Version 17
VisualStudioVersion = 17.9.34728.123
MinimumVisualStudioVersion = 10.0.40219.1
Project("{2150E333-8FDC-42A3-9474-1A3956D46DE8}") = "WebApp", "WebApp", "{374773F8-C770-4A69-AF47-473AC8B50244}"
EndProject
Project("{FAE04EC0-301F-11D3-BF4B-00C04F79EFBC}") = "CustomLayoutSample.Server", "CustomLayoutSample\CustomLayoutSample.Server\CustomLayoutSample.Server.csproj", "{0450F32E-CEB1-471B-BACB-BACE9E7D3653}"
EndProject
Project("{FAE04EC0-301F-11D3-BF4B-00C04F79EFBC}") = "CustomLayoutSample.Client", "CustomLayoutSample\CustomLayoutSample.Client\CustomLayoutSample.Client.csproj", "{7131341B-A300-4747-BEA6-00A0A2CEBDE1}"
EndProject
Project("{FAE04EC0-301F-11D3-BF4B-00C04F79EFBC}") = "CustomLayoutSample.Client.Shared", "CustomLayoutSample\CustomLayoutSample.Client.Shared\CustomLayoutSample.Client.Shared.csproj", "{155B98F3-3BEE-4ADD-A206-0AC59D9FF5BA}"
EndProject
Project("{FAE04EC0-301F-11D3-BF4B-00C04F79EFBC}") = "CustomLayoutSample.Server.Shared", "CustomLayoutSample\CustomLayoutSample.Server.Shared\CustomLayoutSample.Server.Shared.csproj", "{3D45AA4E-3DE3-4E99-AC42-6F5766A8475D}"
EndProject
Project("{FAE04EC0-301F-11D3-BF4B-00C04F79EFBC}") = "CustomLayoutSample.Designer", "CustomLayoutSample\CustomLayoutSample.Designer\CustomLayoutSample.Designer.csproj", "{1AEEE00E-71D6-4896-B011-AC3B6392A69B}"
EndProject
Global
	GlobalSection(SolutionConfigurationPlatforms) = preSolution
		Debug|Any CPU = Debug|Any CPU
		Release|Any CPU = Release|Any CPU
	EndGlobalSection
	GlobalSection(ProjectConfigurationPlatforms) = postSolution
		{0450F32E-CEB1-471B-BACB-BACE9E7D3653}.Debug|Any CPU.ActiveCfg = Debug|Any CPU
		{0450F32E-CEB1-471B-BACB-BACE9E7D3653}.Debug|Any CPU.Build.0 = Debug|Any CPU
		{0450F32E-CEB1-471B-BACB-BACE9E7D3653}.Release|Any CPU.ActiveCfg = Release|Any CPU
		{0450F32E-CEB1-471B-BACB-BACE9E7D3653}.Release|Any CPU.Build.0 = Release|Any CPU
		{7131341B-A300-4747-BEA6-00A0A2CEBDE1}.Debug|Any CPU.ActiveCfg = Debug|Any CPU
		{7131341B-A300-4747-BEA6-00A0A2CEBDE1}.Debug|Any CPU.Build.0 = Debug|Any CPU
		{7131341B-A300-4747-BEA6-00A0A2CEBDE1}.Release|Any CPU.ActiveCfg = Release|Any CPU
		{7131341B-A300-4747-BEA6-00A0A2CEBDE1}.Release|Any CPU.Build.0 = Release|Any CPU
		{155B98F3-3BEE-4ADD-A206-0AC59D9FF5BA}.Debug|Any CPU.ActiveCfg = Debug|Any CPU
		{155B98F3-3BEE-4ADD-A206-0AC59D9FF5BA}.Debug|Any CPU.Build.0 = Debug|Any CPU
		{155B98F3-3BEE-4ADD-A206-0AC59D9FF5BA}.Release|Any CPU.ActiveCfg = Release|Any CPU
		{155B98F3-3BEE-4ADD-A206-0AC59D9FF5BA}.Release|Any CPU.Build.0 = Release|Any CPU
		{3D45AA4E-3DE3-4E99-AC42-6F5766A8475D}.Debug|Any CPU.ActiveCfg = Debug|Any CPU
		{3D45AA4E-3DE3-4E99-AC42-6F5766A8475D}.Debug|Any CPU.Build.0 = Debug|Any CPU
		{3D45AA4E-3DE3-4E99-AC42-6F5766A8475D}.Release|Any CPU.ActiveCfg = Release|Any CPU
		{3D45AA4E-3DE3-4E99-AC42-6F5766A8475D}.Release|Any CPU.Build.0 = Release|Any CPU
		{1AEEE00E-71D6-4896-B011-AC3B6392A69B}.Debug|Any CPU.ActiveCfg = Debug|Any CPU
		{1AEEE00E-71D6-4896-B011-AC3B6392A69B}.Debug|Any CPU.Build.0 = Debug|Any CPU
		{1AEEE00E-71D6-4896-B011-AC3B6392A69B}.Release|Any CPU.ActiveCfg = Release|Any CPU
		{1AEEE00E-71D6-4896-B011-AC3B6392A69B}.Release|Any CPU.Build.0 = Release|Any CPU
	EndGlobalSection
	GlobalSection(SolutionProperties) = preSolution
		HideSolutionNode = FALSE
	EndGlobalSection
	GlobalSection(NestedProjects) = preSolution
		{0450F32E-CEB1-471B-BACB-BACE9E7D3653} = {374773F8-C770-4A69-AF47-473AC8B50244}
		{7131341B-A300-4747-BEA6-00A0A2CEBDE1} = {374773F8-C770-4A69-AF47-473AC8B50244}
		{155B98F3-3BEE-4ADD-A206-0AC59D9FF5BA} = {374773F8-C770-4A69-AF47-473AC8B50244}
		{3D45AA4E-3DE3-4E99-AC42-6F5766A8475D} = {374773F8-C770-4A69-AF47-473AC8B50244}
	EndGlobalSection
	GlobalSection(ExtensibilityGlobals) = postSolution
		SolutionGuid = {5C3EEFCE-F294-43D0-919F-03DE326A9D97}
	EndGlobalSection
EndGlobal
