
Microsoft Visual Studio Solution File, Format Version 12.00
# Visual Studio Version 17
VisualStudioVersion = 17.11.35327.3
MinimumVisualStudioVersion = 10.0.40219.1
Project("{2150E333-8FDC-42A3-9474-1A3956D46DE8}") = "WebApp", "WebApp", "{9D80D03F-4C54-4CE7-B244-FA171E7BE230}"
EndProject
Project("{FAE04EC0-301F-11D3-BF4B-00C04F79EFBC}") = "AccessSample.Server", "AccessSample\AccessSample.Server\AccessSample.Server.csproj", "{0C72D7B7-DD5B-4728-8DD1-2F1C4D1F0415}"
EndProject
Project("{FAE04EC0-301F-11D3-BF4B-00C04F79EFBC}") = "AccessSample.Client", "AccessSample\AccessSample.Client\AccessSample.Client.csproj", "{5B5E4020-2804-41B5-9F43-393097E741C9}"
EndProject
Project("{FAE04EC0-301F-11D3-BF4B-00C04F79EFBC}") = "AccessSample.Client.Shared", "AccessSample\AccessSample.Client.Shared\AccessSample.Client.Shared.csproj", "{D2CE190C-FEDC-40F4-A53B-2356F56BC62F}"
EndProject
Project("{FAE04EC0-301F-11D3-BF4B-00C04F79EFBC}") = "AccessSample.Server.Shared", "AccessSample\AccessSample.Server.Shared\AccessSample.Server.Shared.csproj", "{BB2B82DD-BE33-4271-A2B1-0D7A8D775CF5}"
EndProject
Project("{FAE04EC0-301F-11D3-BF4B-00C04F79EFBC}") = "AccessSample.Designer", "AccessSample\AccessSample.Designer\AccessSample.Designer.csproj", "{EC3F9DA9-4B39-4923-B8CE-3DA2DA6D18EF}"
EndProject
Global
	GlobalSection(SolutionConfigurationPlatforms) = preSolution
		Debug|Any CPU = Debug|Any CPU
		Release|Any CPU = Release|Any CPU
	EndGlobalSection
	GlobalSection(ProjectConfigurationPlatforms) = postSolution
		{0C72D7B7-DD5B-4728-8DD1-2F1C4D1F0415}.Debug|Any CPU.ActiveCfg = Debug|Any CPU
		{0C72D7B7-DD5B-4728-8DD1-2F1C4D1F0415}.Debug|Any CPU.Build.0 = Debug|Any CPU
		{0C72D7B7-DD5B-4728-8DD1-2F1C4D1F0415}.Release|Any CPU.ActiveCfg = Release|Any CPU
		{0C72D7B7-DD5B-4728-8DD1-2F1C4D1F0415}.Release|Any CPU.Build.0 = Release|Any CPU
		{5B5E4020-2804-41B5-9F43-393097E741C9}.Debug|Any CPU.ActiveCfg = Debug|Any CPU
		{5B5E4020-2804-41B5-9F43-393097E741C9}.Debug|Any CPU.Build.0 = Debug|Any CPU
		{5B5E4020-2804-41B5-9F43-393097E741C9}.Release|Any CPU.ActiveCfg = Release|Any CPU
		{5B5E4020-2804-41B5-9F43-393097E741C9}.Release|Any CPU.Build.0 = Release|Any CPU
		{D2CE190C-FEDC-40F4-A53B-2356F56BC62F}.Debug|Any CPU.ActiveCfg = Debug|Any CPU
		{D2CE190C-FEDC-40F4-A53B-2356F56BC62F}.Debug|Any CPU.Build.0 = Debug|Any CPU
		{D2CE190C-FEDC-40F4-A53B-2356F56BC62F}.Release|Any CPU.ActiveCfg = Release|Any CPU
		{D2CE190C-FEDC-40F4-A53B-2356F56BC62F}.Release|Any CPU.Build.0 = Release|Any CPU
		{BB2B82DD-BE33-4271-A2B1-0D7A8D775CF5}.Debug|Any CPU.ActiveCfg = Debug|Any CPU
		{BB2B82DD-BE33-4271-A2B1-0D7A8D775CF5}.Debug|Any CPU.Build.0 = Debug|Any CPU
		{BB2B82DD-BE33-4271-A2B1-0D7A8D775CF5}.Release|Any CPU.ActiveCfg = Release|Any CPU
		{BB2B82DD-BE33-4271-A2B1-0D7A8D775CF5}.Release|Any CPU.Build.0 = Release|Any CPU
		{EC3F9DA9-4B39-4923-B8CE-3DA2DA6D18EF}.Debug|Any CPU.ActiveCfg = Debug|Any CPU
		{EC3F9DA9-4B39-4923-B8CE-3DA2DA6D18EF}.Debug|Any CPU.Build.0 = Debug|Any CPU
		{EC3F9DA9-4B39-4923-B8CE-3DA2DA6D18EF}.Release|Any CPU.ActiveCfg = Release|Any CPU
		{EC3F9DA9-4B39-4923-B8CE-3DA2DA6D18EF}.Release|Any CPU.Build.0 = Release|Any CPU
	EndGlobalSection
	GlobalSection(SolutionProperties) = preSolution
		HideSolutionNode = FALSE
	EndGlobalSection
	GlobalSection(NestedProjects) = preSolution
		{0C72D7B7-DD5B-4728-8DD1-2F1C4D1F0415} = {9D80D03F-4C54-4CE7-B244-FA171E7BE230}
		{5B5E4020-2804-41B5-9F43-393097E741C9} = {9D80D03F-4C54-4CE7-B244-FA171E7BE230}
		{D2CE190C-FEDC-40F4-A53B-2356F56BC62F} = {9D80D03F-4C54-4CE7-B244-FA171E7BE230}
		{BB2B82DD-BE33-4271-A2B1-0D7A8D775CF5} = {9D80D03F-4C54-4CE7-B244-FA171E7BE230}
	EndGlobalSection
	GlobalSection(ExtensibilityGlobals) = postSolution
		SolutionGuid = {7751581A-716F-4C31-8DCD-709DC69D687E}
	EndGlobalSection
EndGlobal
