
Microsoft Visual Studio Solution File, Format Version 12.00
# Visual Studio Version 17
VisualStudioVersion = 17.10.34916.146
MinimumVisualStudioVersion = 10.0.40219.1
Project("{2150E333-8FDC-42A3-9474-1A3956D46DE8}") = "WebApp", "WebApp", "{27C315D9-7D8E-497A-AC16-6883360FB09E}"
EndProject
Project("{FAE04EC0-301F-11D3-BF4B-00C04F79EFBC}") = "LowCodeSamples.Server", "LowCodeSamples.Server\LowCodeSamples.Server.csproj", "{35E716BE-452D-4F58-A400-C77F44D73935}"
EndProject
Project("{FAE04EC0-301F-11D3-BF4B-00C04F79EFBC}") = "LowCodeSamples.Client", "LowCodeSamples.Client\LowCodeSamples.Client.csproj", "{291BF100-72B4-477F-8426-E1E698F21307}"
EndProject
Project("{FAE04EC0-301F-11D3-BF4B-00C04F79EFBC}") = "LowCodeSamples.Client.Shared", "LowCodeSamples.Client.Shared\LowCodeSamples.Client.Shared.csproj", "{3BCEF402-621D-4C9A-9C8F-F873A31C0644}"
EndProject
Project("{FAE04EC0-301F-11D3-BF4B-00C04F79EFBC}") = "LowCodeSamples.Server.Shared", "LowCodeSamples.Server.Shared\LowCodeSamples.Server.Shared.csproj", "{E49E31BB-8334-4660-99BA-767CE03C91AB}"
EndProject
Project("{FAE04EC0-301F-11D3-BF4B-00C04F79EFBC}") = "LowCodeSamples.Designer", "LowCodeSamples.Designer\LowCodeSamples.Designer.csproj", "{C8A2E351-B591-462E-9AC0-91280E94BF49}"
EndProject
Global
	GlobalSection(SolutionConfigurationPlatforms) = preSolution
		Debug|Any CPU = Debug|Any CPU
		Release|Any CPU = Release|Any CPU
	EndGlobalSection
	GlobalSection(ProjectConfigurationPlatforms) = postSolution
		{35E716BE-452D-4F58-A400-C77F44D73935}.Debug|Any CPU.ActiveCfg = Debug|Any CPU
		{35E716BE-452D-4F58-A400-C77F44D73935}.Debug|Any CPU.Build.0 = Debug|Any CPU
		{35E716BE-452D-4F58-A400-C77F44D73935}.Release|Any CPU.ActiveCfg = Release|Any CPU
		{35E716BE-452D-4F58-A400-C77F44D73935}.Release|Any CPU.Build.0 = Release|Any CPU
		{291BF100-72B4-477F-8426-E1E698F21307}.Debug|Any CPU.ActiveCfg = Debug|Any CPU
		{291BF100-72B4-477F-8426-E1E698F21307}.Debug|Any CPU.Build.0 = Debug|Any CPU
		{291BF100-72B4-477F-8426-E1E698F21307}.Release|Any CPU.ActiveCfg = Release|Any CPU
		{291BF100-72B4-477F-8426-E1E698F21307}.Release|Any CPU.Build.0 = Release|Any CPU
		{3BCEF402-621D-4C9A-9C8F-F873A31C0644}.Debug|Any CPU.ActiveCfg = Debug|Any CPU
		{3BCEF402-621D-4C9A-9C8F-F873A31C0644}.Debug|Any CPU.Build.0 = Debug|Any CPU
		{3BCEF402-621D-4C9A-9C8F-F873A31C0644}.Release|Any CPU.ActiveCfg = Release|Any CPU
		{3BCEF402-621D-4C9A-9C8F-F873A31C0644}.Release|Any CPU.Build.0 = Release|Any CPU
		{E49E31BB-8334-4660-99BA-767CE03C91AB}.Debug|Any CPU.ActiveCfg = Debug|Any CPU
		{E49E31BB-8334-4660-99BA-767CE03C91AB}.Debug|Any CPU.Build.0 = Debug|Any CPU
		{E49E31BB-8334-4660-99BA-767CE03C91AB}.Release|Any CPU.ActiveCfg = Release|Any CPU
		{E49E31BB-8334-4660-99BA-767CE03C91AB}.Release|Any CPU.Build.0 = Release|Any CPU
		{C8A2E351-B591-462E-9AC0-91280E94BF49}.Debug|Any CPU.ActiveCfg = Debug|Any CPU
		{C8A2E351-B591-462E-9AC0-91280E94BF49}.Debug|Any CPU.Build.0 = Debug|Any CPU
		{C8A2E351-B591-462E-9AC0-91280E94BF49}.Release|Any CPU.ActiveCfg = Release|Any CPU
		{C8A2E351-B591-462E-9AC0-91280E94BF49}.Release|Any CPU.Build.0 = Release|Any CPU
	EndGlobalSection
	GlobalSection(SolutionProperties) = preSolution
		HideSolutionNode = FALSE
	EndGlobalSection
	GlobalSection(NestedProjects) = preSolution
		{35E716BE-452D-4F58-A400-C77F44D73935} = {27C315D9-7D8E-497A-AC16-6883360FB09E}
		{291BF100-72B4-477F-8426-E1E698F21307} = {27C315D9-7D8E-497A-AC16-6883360FB09E}
		{3BCEF402-621D-4C9A-9C8F-F873A31C0644} = {27C315D9-7D8E-497A-AC16-6883360FB09E}
		{E49E31BB-8334-4660-99BA-767CE03C91AB} = {27C315D9-7D8E-497A-AC16-6883360FB09E}
	EndGlobalSection
	GlobalSection(ExtensibilityGlobals) = postSolution
		SolutionGuid = {80961FB5-DBBC-4AA6-A044-E51B2AD39035}
	EndGlobalSection
EndGlobal
