
Microsoft Visual Studio Solution File, Format Version 12.00
# Visual Studio Version 17
VisualStudioVersion = 17.14.36930.0 d17.14
MinimumVisualStudioVersion = 10.0.40219.1
Project("{2150E333-8FDC-42A3-9474-1A3956D46DE8}") = "WebApp", "WebApp", "{DDB4EF12-CC4E-5E88-E6FC-71A802F4DE97}"
EndProject
Project("{FAE04EC0-301F-11D3-BF4B-00C04F79EFBC}") = "CodeerLowCodeBlazorTemplate.Server", "CodeerLowCodeBlazorTemplate\CodeerLowCodeBlazorTemplate.Server\CodeerLowCodeBlazorTemplate.Server.csproj", "{928C9364-2C29-4377-9B2B-4449A3C0A61D}"
EndProject
Project("{FAE04EC0-301F-11D3-BF4B-00C04F79EFBC}") = "CodeerLowCodeBlazorTemplate.Client", "CodeerLowCodeBlazorTemplate\CodeerLowCodeBlazorTemplate.Client\CodeerLowCodeBlazorTemplate.Client.csproj", "{700EC69F-F158-4278-8EC5-96B9366B7E65}"
EndProject
Project("{FAE04EC0-301F-11D3-BF4B-00C04F79EFBC}") = "CodeerLowCodeBlazorTemplate.Client.Shared", "CodeerLowCodeBlazorTemplate\CodeerLowCodeBlazorTemplate.Client.Shared\CodeerLowCodeBlazorTemplate.Client.Shared.csproj", "{DCE1BB33-B05F-4C29-A27D-45ABDC8BBB3B}"
EndProject
Project("{FAE04EC0-301F-11D3-BF4B-00C04F79EFBC}") = "CodeerLowCodeBlazorTemplate.Server.Shared", "CodeerLowCodeBlazorTemplate\CodeerLowCodeBlazorTemplate.Server.Shared\CodeerLowCodeBlazorTemplate.Server.Shared.csproj", "{C78D6102-B2B1-4098-9E5E-2099BA7A657C}"
EndProject
Project("{2150E333-8FDC-42A3-9474-1A3956D46DE8}") = "Tools", "Tools", "{4050E1D1-B084-4B2A-920B-EE4A6F18CA73}"
EndProject
Project("{FAE04EC0-301F-11D3-BF4B-00C04F79EFBC}") = "CodeerLowCodeBlazorTemplate.LicenseRegisterCli", "CodeerLowCodeBlazorTemplate\CodeerLowCodeBlazorTemplate.LicenseRegisterCli\CodeerLowCodeBlazorTemplate.LicenseRegisterCli.csproj", "{AF0A6A6B-E05B-42DB-B1EC-81CB19696310}"
EndProject
Project("{FAE04EC0-301F-11D3-BF4B-00C04F79EFBC}") = "CodeerLowCodeBlazorTemplate.Designer", "CodeerLowCodeBlazorTemplate\CodeerLowCodeBlazorTemplate.Designer\CodeerLowCodeBlazorTemplate.Designer.csproj", "{A39D3749-29B4-46EF-843D-4B85DE62D76E}"
EndProject
Global
	GlobalSection(SolutionConfigurationPlatforms) = preSolution
		Debug|Any CPU = Debug|Any CPU
		Release|Any CPU = Release|Any CPU
	EndGlobalSection
	GlobalSection(ProjectConfigurationPlatforms) = postSolution
		{928C9364-2C29-4377-9B2B-4449A3C0A61D}.Debug|Any CPU.ActiveCfg = Debug|Any CPU
		{928C9364-2C29-4377-9B2B-4449A3C0A61D}.Debug|Any CPU.Build.0 = Debug|Any CPU
		{928C9364-2C29-4377-9B2B-4449A3C0A61D}.Release|Any CPU.ActiveCfg = Release|Any CPU
		{928C9364-2C29-4377-9B2B-4449A3C0A61D}.Release|Any CPU.Build.0 = Release|Any CPU
		{700EC69F-F158-4278-8EC5-96B9366B7E65}.Debug|Any CPU.ActiveCfg = Debug|Any CPU
		{700EC69F-F158-4278-8EC5-96B9366B7E65}.Debug|Any CPU.Build.0 = Debug|Any CPU
		{700EC69F-F158-4278-8EC5-96B9366B7E65}.Release|Any CPU.ActiveCfg = Release|Any CPU
		{700EC69F-F158-4278-8EC5-96B9366B7E65}.Release|Any CPU.Build.0 = Release|Any CPU
		{DCE1BB33-B05F-4C29-A27D-45ABDC8BBB3B}.Debug|Any CPU.ActiveCfg = Debug|Any CPU
		{DCE1BB33-B05F-4C29-A27D-45ABDC8BBB3B}.Debug|Any CPU.Build.0 = Debug|Any CPU
		{DCE1BB33-B05F-4C29-A27D-45ABDC8BBB3B}.Release|Any CPU.ActiveCfg = Release|Any CPU
		{DCE1BB33-B05F-4C29-A27D-45ABDC8BBB3B}.Release|Any CPU.Build.0 = Release|Any CPU
		{C78D6102-B2B1-4098-9E5E-2099BA7A657C}.Debug|Any CPU.ActiveCfg = Debug|Any CPU
		{C78D6102-B2B1-4098-9E5E-2099BA7A657C}.Debug|Any CPU.Build.0 = Debug|Any CPU
		{C78D6102-B2B1-4098-9E5E-2099BA7A657C}.Release|Any CPU.ActiveCfg = Release|Any CPU
		{C78D6102-B2B1-4098-9E5E-2099BA7A657C}.Release|Any CPU.Build.0 = Release|Any CPU
		{AF0A6A6B-E05B-42DB-B1EC-81CB19696310}.Debug|Any CPU.ActiveCfg = Debug|Any CPU
		{AF0A6A6B-E05B-42DB-B1EC-81CB19696310}.Debug|Any CPU.Build.0 = Debug|Any CPU
		{AF0A6A6B-E05B-42DB-B1EC-81CB19696310}.Release|Any CPU.ActiveCfg = Release|Any CPU
		{AF0A6A6B-E05B-42DB-B1EC-81CB19696310}.Release|Any CPU.Build.0 = Release|Any CPU
		{A39D3749-29B4-46EF-843D-4B85DE62D76E}.Debug|Any CPU.ActiveCfg = Debug|Any CPU
		{A39D3749-29B4-46EF-843D-4B85DE62D76E}.Debug|Any CPU.Build.0 = Debug|Any CPU
		{A39D3749-29B4-46EF-843D-4B85DE62D76E}.Release|Any CPU.ActiveCfg = Release|Any CPU
		{A39D3749-29B4-46EF-843D-4B85DE62D76E}.Release|Any CPU.Build.0 = Release|Any CPU
	EndGlobalSection
	GlobalSection(SolutionProperties) = preSolution
		HideSolutionNode = FALSE
	EndGlobalSection
	GlobalSection(NestedProjects) = preSolution
		{928C9364-2C29-4377-9B2B-4449A3C0A61D} = {DDB4EF12-CC4E-5E88-E6FC-71A802F4DE97}
		{700EC69F-F158-4278-8EC5-96B9366B7E65} = {DDB4EF12-CC4E-5E88-E6FC-71A802F4DE97}
		{DCE1BB33-B05F-4C29-A27D-45ABDC8BBB3B} = {DDB4EF12-CC4E-5E88-E6FC-71A802F4DE97}
		{C78D6102-B2B1-4098-9E5E-2099BA7A657C} = {DDB4EF12-CC4E-5E88-E6FC-71A802F4DE97}
		{AF0A6A6B-E05B-42DB-B1EC-81CB19696310} = {4050E1D1-B084-4B2A-920B-EE4A6F18CA73}
		{A39D3749-29B4-46EF-843D-4B85DE62D76E} = {4050E1D1-B084-4B2A-920B-EE4A6F18CA73}
	EndGlobalSection
	GlobalSection(ExtensibilityGlobals) = postSolution
		SolutionGuid = {C9751937-B608-4D6B-A1CF-4AE9449958B7}
	EndGlobalSection
EndGlobal
