
Microsoft Visual Studio Solution File, Format Version 12.00
# Visual Studio Version 17
VisualStudioVersion = 17.14.37012.4 d17.14
MinimumVisualStudioVersion = 10.0.40219.1
Project("{2150E333-8FDC-42A3-9474-1A3956D46DE8}") = "LowCodeApp", "LowCodeApp", "{DDB4EF12-CC4E-5E88-E6FC-71A802F4DE97}"
EndProject
Project("{FAE04EC0-301F-11D3-BF4B-00C04F79EFBC}") = "LowCodeApp.WinForms.LowCodeApp", "LowCodeApp.WinForms.LowCodeApp\LowCodeApp.WinForms.LowCodeApp.csproj", "{8EDE74AE-8D7B-459B-B03E-12DEB411C56C}"
EndProject
Project("{FAE04EC0-301F-11D3-BF4B-00C04F79EFBC}") = "LowCodeApp.WinForms.Client.Shared", "LowCodeApp.WinForms.Client.Shared\LowCodeApp.WinForms.Client.Shared.csproj", "{24DE88D5-67BF-448F-A728-020CF708A450}"
EndProject
Project("{FAE04EC0-301F-11D3-BF4B-00C04F79EFBC}") = "LowCodeApp.WinForms.Server.Shared", "LowCodeApp.WinForms.Server.Shared\LowCodeApp.WinForms.Server.Shared.csproj", "{340FB26B-F14B-45C3-814C-E57626ED66F1}"
EndProject
Project("{2150E333-8FDC-42A3-9474-1A3956D46DE8}") = "Tools", "Tools", "{FC73F144-12C0-4CB2-8861-0C809ABA0CC6}"
EndProject
Project("{FAE04EC0-301F-11D3-BF4B-00C04F79EFBC}") = "LowCodeApp.WinForms.LicenseRegister", "LowCodeApp.WinForms.LicenseRegister\LowCodeApp.WinForms.LicenseRegister.csproj", "{52914425-C1A0-4433-806D-7F3ABE4A48B2}"
EndProject
Project("{FAE04EC0-301F-11D3-BF4B-00C04F79EFBC}") = "LowCodeApp.WinForms.Designer", "LowCodeApp.WinForms.Designer\LowCodeApp.WinForms.Designer.csproj", "{BB773325-0574-4FA0-8289-2B0BC8147211}"
EndProject
Global
	GlobalSection(SolutionConfigurationPlatforms) = preSolution
		Debug|Any CPU = Debug|Any CPU
		Release|Any CPU = Release|Any CPU
	EndGlobalSection
	GlobalSection(ProjectConfigurationPlatforms) = postSolution
		{8EDE74AE-8D7B-459B-B03E-12DEB411C56C}.Debug|Any CPU.ActiveCfg = Debug|Any CPU
		{8EDE74AE-8D7B-459B-B03E-12DEB411C56C}.Debug|Any CPU.Build.0 = Debug|Any CPU
		{8EDE74AE-8D7B-459B-B03E-12DEB411C56C}.Release|Any CPU.ActiveCfg = Release|Any CPU
		{8EDE74AE-8D7B-459B-B03E-12DEB411C56C}.Release|Any CPU.Build.0 = Release|Any CPU
		{24DE88D5-67BF-448F-A728-020CF708A450}.Debug|Any CPU.ActiveCfg = Debug|Any CPU
		{24DE88D5-67BF-448F-A728-020CF708A450}.Debug|Any CPU.Build.0 = Debug|Any CPU
		{24DE88D5-67BF-448F-A728-020CF708A450}.Release|Any CPU.ActiveCfg = Release|Any CPU
		{24DE88D5-67BF-448F-A728-020CF708A450}.Release|Any CPU.Build.0 = Release|Any CPU
		{340FB26B-F14B-45C3-814C-E57626ED66F1}.Debug|Any CPU.ActiveCfg = Debug|Any CPU
		{340FB26B-F14B-45C3-814C-E57626ED66F1}.Debug|Any CPU.Build.0 = Debug|Any CPU
		{340FB26B-F14B-45C3-814C-E57626ED66F1}.Release|Any CPU.ActiveCfg = Release|Any CPU
		{340FB26B-F14B-45C3-814C-E57626ED66F1}.Release|Any CPU.Build.0 = Release|Any CPU
		{52914425-C1A0-4433-806D-7F3ABE4A48B2}.Debug|Any CPU.ActiveCfg = Debug|Any CPU
		{52914425-C1A0-4433-806D-7F3ABE4A48B2}.Debug|Any CPU.Build.0 = Debug|Any CPU
		{52914425-C1A0-4433-806D-7F3ABE4A48B2}.Release|Any CPU.ActiveCfg = Release|Any CPU
		{52914425-C1A0-4433-806D-7F3ABE4A48B2}.Release|Any CPU.Build.0 = Release|Any CPU
		{BB773325-0574-4FA0-8289-2B0BC8147211}.Debug|Any CPU.ActiveCfg = Debug|Any CPU
		{BB773325-0574-4FA0-8289-2B0BC8147211}.Debug|Any CPU.Build.0 = Debug|Any CPU
		{BB773325-0574-4FA0-8289-2B0BC8147211}.Release|Any CPU.ActiveCfg = Release|Any CPU
		{BB773325-0574-4FA0-8289-2B0BC8147211}.Release|Any CPU.Build.0 = Release|Any CPU
	EndGlobalSection
	GlobalSection(SolutionProperties) = preSolution
		HideSolutionNode = FALSE
	EndGlobalSection
	GlobalSection(NestedProjects) = preSolution
		{8EDE74AE-8D7B-459B-B03E-12DEB411C56C} = {DDB4EF12-CC4E-5E88-E6FC-71A802F4DE97}
		{24DE88D5-67BF-448F-A728-020CF708A450} = {DDB4EF12-CC4E-5E88-E6FC-71A802F4DE97}
		{340FB26B-F14B-45C3-814C-E57626ED66F1} = {DDB4EF12-CC4E-5E88-E6FC-71A802F4DE97}
		{52914425-C1A0-4433-806D-7F3ABE4A48B2} = {FC73F144-12C0-4CB2-8861-0C809ABA0CC6}
		{BB773325-0574-4FA0-8289-2B0BC8147211} = {FC73F144-12C0-4CB2-8861-0C809ABA0CC6}
	EndGlobalSection
	GlobalSection(ExtensibilityGlobals) = postSolution
		SolutionGuid = {3EE0B1C8-1B41-4E7D-A625-4D9DE116D422}
	EndGlobalSection
EndGlobal
