
Microsoft Visual Studio Solution File, Format Version 12.00
# Visual Studio Version 17
VisualStudioVersion = 17.14.36109.1 d17.14
MinimumVisualStudioVersion = 10.0.40219.1
Project("{FAE04EC0-301F-11D3-BF4B-00C04F79EFBC}") = "LowCodeApp", "LowCodeApp\LowCodeApp.csproj", "{6A4A4E1D-4DC8-7FB2-97D5-9485C68BF812}"
EndProject
Project("{FAE04EC0-301F-11D3-BF4B-00C04F79EFBC}") = "WebApp.Client.Shared", "WebApp.Client.Shared\WebApp.Client.Shared.csproj", "{3581F53C-E1C4-BDE0-9539-937ABD1FFB38}"
EndProject
Global
	GlobalSection(SolutionConfigurationPlatforms) = preSolution
		Debug|Any CPU = Debug|Any CPU
		Release|Any CPU = Release|Any CPU
	EndGlobalSection
	GlobalSection(ProjectConfigurationPlatforms) = postSolution
		{6A4A4E1D-4DC8-7FB2-97D5-9485C68BF812}.Debug|Any CPU.ActiveCfg = Debug|Any CPU
		{6A4A4E1D-4DC8-7FB2-97D5-9485C68BF812}.Debug|Any CPU.Build.0 = Debug|Any CPU
		{6A4A4E1D-4DC8-7FB2-97D5-9485C68BF812}.Debug|Any CPU.Deploy.0 = Debug|Any CPU
		{6A4A4E1D-4DC8-7FB2-97D5-9485C68BF812}.Release|Any CPU.ActiveCfg = Release|Any CPU
		{6A4A4E1D-4DC8-7FB2-97D5-9485C68BF812}.Release|Any CPU.Build.0 = Release|Any CPU
		{6A4A4E1D-4DC8-7FB2-97D5-9485C68BF812}.Release|Any CPU.Deploy.0 = Release|Any CPU
		{3581F53C-E1C4-BDE0-9539-937ABD1FFB38}.Debug|Any CPU.ActiveCfg = Debug|Any CPU
		{3581F53C-E1C4-BDE0-9539-937ABD1FFB38}.Debug|Any CPU.Build.0 = Debug|Any CPU
		{3581F53C-E1C4-BDE0-9539-937ABD1FFB38}.Release|Any CPU.ActiveCfg = Release|Any CPU
		{3581F53C-E1C4-BDE0-9539-937ABD1FFB38}.Release|Any CPU.Build.0 = Release|Any CPU
	EndGlobalSection
	GlobalSection(SolutionProperties) = preSolution
		HideSolutionNode = FALSE
	EndGlobalSection
	GlobalSection(ExtensibilityGlobals) = postSolution
		SolutionGuid = {409336DB-3AEA-495B-AFD8-DCA0D4BAAA3D}
	EndGlobalSection
EndGlobal
