
Microsoft Visual Studio Solution File, Format Version 12.00
# Visual Studio Version 17
VisualStudioVersion = 17.0.31903.59
MinimumVisualStudioVersion = 10.0.40219.1
Project("{2150E333-8FDC-42A3-9474-1A3956D46DE8}") = "WebApp", "WebApp", "{7E50A06F-A38B-7BE7-1137-409223B8AEF0}"
EndProject
Project("{FAE04EC0-301F-11D3-BF4B-00C04F79EFBC}") = "LowCodeNativeSamples.Server", "LowCodeNativeSamples.Server\LowCodeNativeSamples.Server.csproj", "{981DECDC-8D0A-AABA-EC3B-E2BE4B9A0C29}"
EndProject
Project("{FAE04EC0-301F-11D3-BF4B-00C04F79EFBC}") = "LowCodeNativeSamples.Client", "LowCodeNativeSamples.Client\LowCodeNativeSamples.Client.csproj", "{F1CD8489-4CB2-A16A-155E-79515D2CD39C}"
EndProject
Project("{FAE04EC0-301F-11D3-BF4B-00C04F79EFBC}") = "LowCodeNativeSamples.Client.Shared", "LowCodeNativeSamples.Client.Shared\LowCodeNativeSamples.Client.Shared.csproj", "{FFCE7A46-725F-4BC7-E57B-CA4599FB1490}"
EndProject
Project("{2150E333-8FDC-42A3-9474-1A3956D46DE8}") = "Tools", "Tools", "{07C2787E-EAC7-C090-1BA3-A61EC2A24D84}"
EndProject
Project("{FAE04EC0-301F-11D3-BF4B-00C04F79EFBC}") = "LowCodeNativeSamples.LicenseRegisterCli", "LowCodeNativeSamples.LicenseRegisterCli\LowCodeNativeSamples.LicenseRegisterCli.csproj", "{B170A663-B29F-49C6-F26E-2E5EBD9D423E}"
EndProject
Project("{FAE04EC0-301F-11D3-BF4B-00C04F79EFBC}") = "LowCodeNativeSamples.Designer", "LowCodeNativeSamples.Designer\LowCodeNativeSamples.Designer.csproj", "{DC385AF7-3B02-CE3C-DE0D-1B51FBD82A06}"
EndProject
Project("{2150E333-8FDC-42A3-9474-1A3956D46DE8}") = "MobileApp", "MobileApp", "{0FFEEB6A-E627-9A6A-8363-9175E7389C0B}"
EndProject
Project("{FAE04EC0-301F-11D3-BF4B-00C04F79EFBC}") = "LowCodeNativeSamples.Maui", "LowCodeNativeSamples.Maui\LowCodeNativeSamples.Maui.csproj", "{D000403A-3EE7-26EE-6894-EC1C3399D43D}"
EndProject
Global
	GlobalSection(SolutionConfigurationPlatforms) = preSolution
		Debug|Any CPU = Debug|Any CPU
		Debug|x64 = Debug|x64
		Debug|x86 = Debug|x86
		Release|Any CPU = Release|Any CPU
		Release|x64 = Release|x64
		Release|x86 = Release|x86
	EndGlobalSection
	GlobalSection(ProjectConfigurationPlatforms) = postSolution
		{981DECDC-8D0A-AABA-EC3B-E2BE4B9A0C29}.Debug|Any CPU.ActiveCfg = Debug|Any CPU
		{981DECDC-8D0A-AABA-EC3B-E2BE4B9A0C29}.Debug|Any CPU.Build.0 = Debug|Any CPU
		{981DECDC-8D0A-AABA-EC3B-E2BE4B9A0C29}.Debug|x64.ActiveCfg = Debug|Any CPU
		{981DECDC-8D0A-AABA-EC3B-E2BE4B9A0C29}.Debug|x64.Build.0 = Debug|Any CPU
		{981DECDC-8D0A-AABA-EC3B-E2BE4B9A0C29}.Debug|x86.ActiveCfg = Debug|Any CPU
		{981DECDC-8D0A-AABA-EC3B-E2BE4B9A0C29}.Debug|x86.Build.0 = Debug|Any CPU
		{981DECDC-8D0A-AABA-EC3B-E2BE4B9A0C29}.Release|Any CPU.ActiveCfg = Release|Any CPU
		{981DECDC-8D0A-AABA-EC3B-E2BE4B9A0C29}.Release|Any CPU.Build.0 = Release|Any CPU
		{981DECDC-8D0A-AABA-EC3B-E2BE4B9A0C29}.Release|x64.ActiveCfg = Release|Any CPU
		{981DECDC-8D0A-AABA-EC3B-E2BE4B9A0C29}.Release|x64.Build.0 = Release|Any CPU
		{981DECDC-8D0A-AABA-EC3B-E2BE4B9A0C29}.Release|x86.ActiveCfg = Release|Any CPU
		{981DECDC-8D0A-AABA-EC3B-E2BE4B9A0C29}.Release|x86.Build.0 = Release|Any CPU
		{F1CD8489-4CB2-A16A-155E-79515D2CD39C}.Debug|Any CPU.ActiveCfg = Debug|Any CPU
		{F1CD8489-4CB2-A16A-155E-79515D2CD39C}.Debug|Any CPU.Build.0 = Debug|Any CPU
		{F1CD8489-4CB2-A16A-155E-79515D2CD39C}.Debug|x64.ActiveCfg = Debug|Any CPU
		{F1CD8489-4CB2-A16A-155E-79515D2CD39C}.Debug|x64.Build.0 = Debug|Any CPU
		{F1CD8489-4CB2-A16A-155E-79515D2CD39C}.Debug|x86.ActiveCfg = Debug|Any CPU
		{F1CD8489-4CB2-A16A-155E-79515D2CD39C}.Debug|x86.Build.0 = Debug|Any CPU
		{F1CD8489-4CB2-A16A-155E-79515D2CD39C}.Release|Any CPU.ActiveCfg = Release|Any CPU
		{F1CD8489-4CB2-A16A-155E-79515D2CD39C}.Release|Any CPU.Build.0 = Release|Any CPU
		{F1CD8489-4CB2-A16A-155E-79515D2CD39C}.Release|x64.ActiveCfg = Release|Any CPU
		{F1CD8489-4CB2-A16A-155E-79515D2CD39C}.Release|x64.Build.0 = Release|Any CPU
		{F1CD8489-4CB2-A16A-155E-79515D2CD39C}.Release|x86.ActiveCfg = Release|Any CPU
		{F1CD8489-4CB2-A16A-155E-79515D2CD39C}.Release|x86.Build.0 = Release|Any CPU
		{FFCE7A46-725F-4BC7-E57B-CA4599FB1490}.Debug|Any CPU.ActiveCfg = Debug|Any CPU
		{FFCE7A46-725F-4BC7-E57B-CA4599FB1490}.Debug|Any CPU.Build.0 = Debug|Any CPU
		{FFCE7A46-725F-4BC7-E57B-CA4599FB1490}.Debug|x64.ActiveCfg = Debug|Any CPU
		{FFCE7A46-725F-4BC7-E57B-CA4599FB1490}.Debug|x64.Build.0 = Debug|Any CPU
		{FFCE7A46-725F-4BC7-E57B-CA4599FB1490}.Debug|x86.ActiveCfg = Debug|Any CPU
		{FFCE7A46-725F-4BC7-E57B-CA4599FB1490}.Debug|x86.Build.0 = Debug|Any CPU
		{FFCE7A46-725F-4BC7-E57B-CA4599FB1490}.Release|Any CPU.ActiveCfg = Release|Any CPU
		{FFCE7A46-725F-4BC7-E57B-CA4599FB1490}.Release|Any CPU.Build.0 = Release|Any CPU
		{FFCE7A46-725F-4BC7-E57B-CA4599FB1490}.Release|x64.ActiveCfg = Release|Any CPU
		{FFCE7A46-725F-4BC7-E57B-CA4599FB1490}.Release|x64.Build.0 = Release|Any CPU
		{FFCE7A46-725F-4BC7-E57B-CA4599FB1490}.Release|x86.ActiveCfg = Release|Any CPU
		{FFCE7A46-725F-4BC7-E57B-CA4599FB1490}.Release|x86.Build.0 = Release|Any CPU
		{B170A663-B29F-49C6-F26E-2E5EBD9D423E}.Debug|Any CPU.ActiveCfg = Debug|Any CPU
		{B170A663-B29F-49C6-F26E-2E5EBD9D423E}.Debug|Any CPU.Build.0 = Debug|Any CPU
		{B170A663-B29F-49C6-F26E-2E5EBD9D423E}.Debug|x64.ActiveCfg = Debug|Any CPU
		{B170A663-B29F-49C6-F26E-2E5EBD9D423E}.Debug|x64.Build.0 = Debug|Any CPU
		{B170A663-B29F-49C6-F26E-2E5EBD9D423E}.Debug|x86.ActiveCfg = Debug|Any CPU
		{B170A663-B29F-49C6-F26E-2E5EBD9D423E}.Debug|x86.Build.0 = Debug|Any CPU
		{B170A663-B29F-49C6-F26E-2E5EBD9D423E}.Release|Any CPU.ActiveCfg = Release|Any CPU
		{B170A663-B29F-49C6-F26E-2E5EBD9D423E}.Release|Any CPU.Build.0 = Release|Any CPU
		{B170A663-B29F-49C6-F26E-2E5EBD9D423E}.Release|x64.ActiveCfg = Release|Any CPU
		{B170A663-B29F-49C6-F26E-2E5EBD9D423E}.Release|x64.Build.0 = Release|Any CPU
		{B170A663-B29F-49C6-F26E-2E5EBD9D423E}.Release|x86.ActiveCfg = Release|Any CPU
		{B170A663-B29F-49C6-F26E-2E5EBD9D423E}.Release|x86.Build.0 = Release|Any CPU
		{DC385AF7-3B02-CE3C-DE0D-1B51FBD82A06}.Debug|Any CPU.ActiveCfg = Debug|Any CPU
		{DC385AF7-3B02-CE3C-DE0D-1B51FBD82A06}.Debug|Any CPU.Build.0 = Debug|Any CPU
		{DC385AF7-3B02-CE3C-DE0D-1B51FBD82A06}.Debug|x64.ActiveCfg = Debug|Any CPU
		{DC385AF7-3B02-CE3C-DE0D-1B51FBD82A06}.Debug|x64.Build.0 = Debug|Any CPU
		{DC385AF7-3B02-CE3C-DE0D-1B51FBD82A06}.Debug|x86.ActiveCfg = Debug|Any CPU
		{DC385AF7-3B02-CE3C-DE0D-1B51FBD82A06}.Debug|x86.Build.0 = Debug|Any CPU
		{DC385AF7-3B02-CE3C-DE0D-1B51FBD82A06}.Release|Any CPU.ActiveCfg = Release|Any CPU
		{DC385AF7-3B02-CE3C-DE0D-1B51FBD82A06}.Release|Any CPU.Build.0 = Release|Any CPU
		{DC385AF7-3B02-CE3C-DE0D-1B51FBD82A06}.Release|x64.ActiveCfg = Release|Any CPU
		{DC385AF7-3B02-CE3C-DE0D-1B51FBD82A06}.Release|x64.Build.0 = Release|Any CPU
		{DC385AF7-3B02-CE3C-DE0D-1B51FBD82A06}.Release|x86.ActiveCfg = Release|Any CPU
		{DC385AF7-3B02-CE3C-DE0D-1B51FBD82A06}.Release|x86.Build.0 = Release|Any CPU
		{D000403A-3EE7-26EE-6894-EC1C3399D43D}.Debug|Any CPU.ActiveCfg = Debug|Any CPU
		{D000403A-3EE7-26EE-6894-EC1C3399D43D}.Debug|Any CPU.Build.0 = Debug|Any CPU
		{D000403A-3EE7-26EE-6894-EC1C3399D43D}.Debug|Any CPU.Deploy.0 = Debug|Any CPU
		{D000403A-3EE7-26EE-6894-EC1C3399D43D}.Debug|x64.ActiveCfg = Debug|Any CPU
		{D000403A-3EE7-26EE-6894-EC1C3399D43D}.Debug|x64.Build.0 = Debug|Any CPU
		{D000403A-3EE7-26EE-6894-EC1C3399D43D}.Debug|x64.Deploy.0 = Debug|Any CPU
		{D000403A-3EE7-26EE-6894-EC1C3399D43D}.Debug|x86.ActiveCfg = Debug|Any CPU
		{D000403A-3EE7-26EE-6894-EC1C3399D43D}.Debug|x86.Build.0 = Debug|Any CPU
		{D000403A-3EE7-26EE-6894-EC1C3399D43D}.Debug|x86.Deploy.0 = Debug|Any CPU
		{D000403A-3EE7-26EE-6894-EC1C3399D43D}.Release|Any CPU.ActiveCfg = Release|Any CPU
		{D000403A-3EE7-26EE-6894-EC1C3399D43D}.Release|Any CPU.Build.0 = Release|Any CPU
		{D000403A-3EE7-26EE-6894-EC1C3399D43D}.Release|Any CPU.Deploy.0 = Release|Any CPU
		{D000403A-3EE7-26EE-6894-EC1C3399D43D}.Release|x64.ActiveCfg = Release|Any CPU
		{D000403A-3EE7-26EE-6894-EC1C3399D43D}.Release|x64.Build.0 = Release|Any CPU
		{D000403A-3EE7-26EE-6894-EC1C3399D43D}.Release|x64.Deploy.0 = Release|Any CPU
		{D000403A-3EE7-26EE-6894-EC1C3399D43D}.Release|x86.ActiveCfg = Release|Any CPU
		{D000403A-3EE7-26EE-6894-EC1C3399D43D}.Release|x86.Build.0 = Release|Any CPU
		{D000403A-3EE7-26EE-6894-EC1C3399D43D}.Release|x86.Deploy.0 = Release|Any CPU
	EndGlobalSection
	GlobalSection(SolutionProperties) = preSolution
		HideSolutionNode = FALSE
	EndGlobalSection
	GlobalSection(NestedProjects) = preSolution
		{981DECDC-8D0A-AABA-EC3B-E2BE4B9A0C29} = {7E50A06F-A38B-7BE7-1137-409223B8AEF0}
		{F1CD8489-4CB2-A16A-155E-79515D2CD39C} = {7E50A06F-A38B-7BE7-1137-409223B8AEF0}
		{FFCE7A46-725F-4BC7-E57B-CA4599FB1490} = {7E50A06F-A38B-7BE7-1137-409223B8AEF0}
		{B170A663-B29F-49C6-F26E-2E5EBD9D423E} = {07C2787E-EAC7-C090-1BA3-A61EC2A24D84}
		{DC385AF7-3B02-CE3C-DE0D-1B51FBD82A06} = {07C2787E-EAC7-C090-1BA3-A61EC2A24D84}
		{D000403A-3EE7-26EE-6894-EC1C3399D43D} = {0FFEEB6A-E627-9A6A-8363-9175E7389C0B}
	EndGlobalSection
EndGlobal
