
Microsoft Visual Studio Solution File, Format Version 12.00
# Visual Studio Version 17
VisualStudioVersion = 17.14.37012.4 d17.14
MinimumVisualStudioVersion = 10.0.40219.1
Project("{2150E333-8FDC-42A3-9474-1A3956D46DE8}") = "WebApp", "WebApp", "{DDB4EF12-CC4E-5E88-E6FC-71A802F4DE97}"
EndProject
Project("{FAE04EC0-301F-11D3-BF4B-00C04F79EFBC}") = "LowCodeApp.Server", "LowCodeApp.Server\LowCodeApp.Server.csproj", "{B1A6A5E1-09C0-4991-92E3-E51E41EFB32E}"
EndProject
Project("{FAE04EC0-301F-11D3-BF4B-00C04F79EFBC}") = "LowCodeApp.Client", "LowCodeApp.Client\LowCodeApp.Client.csproj", "{F43B4506-57AF-4E26-92BF-DBEFE0AE67E4}"
EndProject
Project("{FAE04EC0-301F-11D3-BF4B-00C04F79EFBC}") = "LowCodeApp.Client.Shared", "LowCodeApp.Client.Shared\LowCodeApp.Client.Shared.csproj", "{3CA4C1A2-AC32-41CF-AABA-3B224999E3CA}"
EndProject
Project("{FAE04EC0-301F-11D3-BF4B-00C04F79EFBC}") = "LowCodeApp.Server.Shared", "LowCodeApp.Server.Shared\LowCodeApp.Server.Shared.csproj", "{FBBF9150-9D7A-450D-A680-CBE511AE2B4F}"
EndProject
Project("{2150E333-8FDC-42A3-9474-1A3956D46DE8}") = "Tools", "Tools", "{55BC0E73-723F-4382-AFFB-55A2514992CA}"
EndProject
Project("{FAE04EC0-301F-11D3-BF4B-00C04F79EFBC}") = "LowCodeApp.LicenseRegisterCli", "LowCodeApp.LicenseRegisterCli\LowCodeApp.LicenseRegisterCli.csproj", "{D76C04DA-461C-462F-B848-6134A7054194}"
EndProject
Project("{FAE04EC0-301F-11D3-BF4B-00C04F79EFBC}") = "LowCodeApp.Designer", "LowCodeApp.Designer\LowCodeApp.Designer.csproj", "{C0740FE7-6C51-4841-BFF5-C8BB1EED6FE2}"
EndProject
Global
	GlobalSection(SolutionConfigurationPlatforms) = preSolution
		Debug|Any CPU = Debug|Any CPU
		Release|Any CPU = Release|Any CPU
	EndGlobalSection
	GlobalSection(ProjectConfigurationPlatforms) = postSolution
		{B1A6A5E1-09C0-4991-92E3-E51E41EFB32E}.Debug|Any CPU.ActiveCfg = Debug|Any CPU
		{B1A6A5E1-09C0-4991-92E3-E51E41EFB32E}.Debug|Any CPU.Build.0 = Debug|Any CPU
		{B1A6A5E1-09C0-4991-92E3-E51E41EFB32E}.Release|Any CPU.ActiveCfg = Release|Any CPU
		{B1A6A5E1-09C0-4991-92E3-E51E41EFB32E}.Release|Any CPU.Build.0 = Release|Any CPU
		{F43B4506-57AF-4E26-92BF-DBEFE0AE67E4}.Debug|Any CPU.ActiveCfg = Debug|Any CPU
		{F43B4506-57AF-4E26-92BF-DBEFE0AE67E4}.Debug|Any CPU.Build.0 = Debug|Any CPU
		{F43B4506-57AF-4E26-92BF-DBEFE0AE67E4}.Release|Any CPU.ActiveCfg = Release|Any CPU
		{F43B4506-57AF-4E26-92BF-DBEFE0AE67E4}.Release|Any CPU.Build.0 = Release|Any CPU
		{3CA4C1A2-AC32-41CF-AABA-3B224999E3CA}.Debug|Any CPU.ActiveCfg = Debug|Any CPU
		{3CA4C1A2-AC32-41CF-AABA-3B224999E3CA}.Debug|Any CPU.Build.0 = Debug|Any CPU
		{3CA4C1A2-AC32-41CF-AABA-3B224999E3CA}.Release|Any CPU.ActiveCfg = Release|Any CPU
		{3CA4C1A2-AC32-41CF-AABA-3B224999E3CA}.Release|Any CPU.Build.0 = Release|Any CPU
		{FBBF9150-9D7A-450D-A680-CBE511AE2B4F}.Debug|Any CPU.ActiveCfg = Debug|Any CPU
		{FBBF9150-9D7A-450D-A680-CBE511AE2B4F}.Debug|Any CPU.Build.0 = Debug|Any CPU
		{FBBF9150-9D7A-450D-A680-CBE511AE2B4F}.Release|Any CPU.ActiveCfg = Release|Any CPU
		{FBBF9150-9D7A-450D-A680-CBE511AE2B4F}.Release|Any CPU.Build.0 = Release|Any CPU
		{D76C04DA-461C-462F-B848-6134A7054194}.Debug|Any CPU.ActiveCfg = Debug|Any CPU
		{D76C04DA-461C-462F-B848-6134A7054194}.Debug|Any CPU.Build.0 = Debug|Any CPU
		{D76C04DA-461C-462F-B848-6134A7054194}.Release|Any CPU.ActiveCfg = Release|Any CPU
		{D76C04DA-461C-462F-B848-6134A7054194}.Release|Any CPU.Build.0 = Release|Any CPU
		{C0740FE7-6C51-4841-BFF5-C8BB1EED6FE2}.Debug|Any CPU.ActiveCfg = Debug|Any CPU
		{C0740FE7-6C51-4841-BFF5-C8BB1EED6FE2}.Debug|Any CPU.Build.0 = Debug|Any CPU
		{C0740FE7-6C51-4841-BFF5-C8BB1EED6FE2}.Release|Any CPU.ActiveCfg = Release|Any CPU
		{C0740FE7-6C51-4841-BFF5-C8BB1EED6FE2}.Release|Any CPU.Build.0 = Release|Any CPU
	EndGlobalSection
	GlobalSection(SolutionProperties) = preSolution
		HideSolutionNode = FALSE
	EndGlobalSection
	GlobalSection(NestedProjects) = preSolution
		{B1A6A5E1-09C0-4991-92E3-E51E41EFB32E} = {DDB4EF12-CC4E-5E88-E6FC-71A802F4DE97}
		{F43B4506-57AF-4E26-92BF-DBEFE0AE67E4} = {DDB4EF12-CC4E-5E88-E6FC-71A802F4DE97}
		{3CA4C1A2-AC32-41CF-AABA-3B224999E3CA} = {DDB4EF12-CC4E-5E88-E6FC-71A802F4DE97}
		{FBBF9150-9D7A-450D-A680-CBE511AE2B4F} = {DDB4EF12-CC4E-5E88-E6FC-71A802F4DE97}
		{D76C04DA-461C-462F-B848-6134A7054194} = {55BC0E73-723F-4382-AFFB-55A2514992CA}
		{C0740FE7-6C51-4841-BFF5-C8BB1EED6FE2} = {55BC0E73-723F-4382-AFFB-55A2514992CA}
	EndGlobalSection
	GlobalSection(ExtensibilityGlobals) = postSolution
		SolutionGuid = {52B8C063-7EDC-46E9-B814-2721B926AF6D}
	EndGlobalSection
EndGlobal
