
Microsoft Visual Studio Solution File, Format Version 12.00
# Visual Studio Version 17
VisualStudioVersion = 17.14.37012.4 d17.14
MinimumVisualStudioVersion = 10.0.40219.1
Project("{2150E333-8FDC-42A3-9474-1A3956D46DE8}") = "WebApp", "WebApp", "{DDB4EF12-CC4E-5E88-E6FC-71A802F4DE97}"
EndProject
Project("{FAE04EC0-301F-11D3-BF4B-00C04F79EFBC}") = "LowCodeApp.Cookie.Server", "LowCodeApp.Cookie.Server\LowCodeApp.Cookie.Server.csproj", "{490ECD45-8510-4A33-8603-D2A03895FAF3}"
EndProject
Project("{FAE04EC0-301F-11D3-BF4B-00C04F79EFBC}") = "LowCodeApp.Cookie.Client", "LowCodeApp.Cookie.Client\LowCodeApp.Cookie.Client.csproj", "{FA8025D6-901D-4378-8017-4942F200444A}"
EndProject
Project("{FAE04EC0-301F-11D3-BF4B-00C04F79EFBC}") = "LowCodeApp.Cookie.Client.Shared", "LowCodeApp.Cookie.Client.Shared\LowCodeApp.Cookie.Client.Shared.csproj", "{2B8C1634-DC25-4E72-8585-FD4258700300}"
EndProject
Project("{FAE04EC0-301F-11D3-BF4B-00C04F79EFBC}") = "LowCodeApp.Cookie.Server.Shared", "LowCodeApp.Cookie.Server.Shared\LowCodeApp.Cookie.Server.Shared.csproj", "{0EB77A5B-F315-47A4-B6C8-3ED7BFA3ECDB}"
EndProject
Project("{2150E333-8FDC-42A3-9474-1A3956D46DE8}") = "Tools", "Tools", "{42738C54-304F-492B-8BE4-0FB775A7CAC7}"
EndProject
Project("{FAE04EC0-301F-11D3-BF4B-00C04F79EFBC}") = "LowCodeApp.Cookie.LicenseRegisterCli", "LowCodeApp.Cookie.LicenseRegisterCli\LowCodeApp.Cookie.LicenseRegisterCli.csproj", "{5A540F03-F6D1-41AF-A0AA-FE0524155D9E}"
EndProject
Project("{FAE04EC0-301F-11D3-BF4B-00C04F79EFBC}") = "LowCodeApp.Cookie.Designer", "LowCodeApp.Cookie.Designer\LowCodeApp.Cookie.Designer.csproj", "{337613E7-D70D-4CAF-8668-F89D99DEFA97}"
EndProject
Global
	GlobalSection(SolutionConfigurationPlatforms) = preSolution
		Debug|Any CPU = Debug|Any CPU
		Release|Any CPU = Release|Any CPU
	EndGlobalSection
	GlobalSection(ProjectConfigurationPlatforms) = postSolution
		{490ECD45-8510-4A33-8603-D2A03895FAF3}.Debug|Any CPU.ActiveCfg = Debug|Any CPU
		{490ECD45-8510-4A33-8603-D2A03895FAF3}.Debug|Any CPU.Build.0 = Debug|Any CPU
		{490ECD45-8510-4A33-8603-D2A03895FAF3}.Release|Any CPU.ActiveCfg = Release|Any CPU
		{490ECD45-8510-4A33-8603-D2A03895FAF3}.Release|Any CPU.Build.0 = Release|Any CPU
		{FA8025D6-901D-4378-8017-4942F200444A}.Debug|Any CPU.ActiveCfg = Debug|Any CPU
		{FA8025D6-901D-4378-8017-4942F200444A}.Debug|Any CPU.Build.0 = Debug|Any CPU
		{FA8025D6-901D-4378-8017-4942F200444A}.Release|Any CPU.ActiveCfg = Release|Any CPU
		{FA8025D6-901D-4378-8017-4942F200444A}.Release|Any CPU.Build.0 = Release|Any CPU
		{2B8C1634-DC25-4E72-8585-FD4258700300}.Debug|Any CPU.ActiveCfg = Debug|Any CPU
		{2B8C1634-DC25-4E72-8585-FD4258700300}.Debug|Any CPU.Build.0 = Debug|Any CPU
		{2B8C1634-DC25-4E72-8585-FD4258700300}.Release|Any CPU.ActiveCfg = Release|Any CPU
		{2B8C1634-DC25-4E72-8585-FD4258700300}.Release|Any CPU.Build.0 = Release|Any CPU
		{0EB77A5B-F315-47A4-B6C8-3ED7BFA3ECDB}.Debug|Any CPU.ActiveCfg = Debug|Any CPU
		{0EB77A5B-F315-47A4-B6C8-3ED7BFA3ECDB}.Debug|Any CPU.Build.0 = Debug|Any CPU
		{0EB77A5B-F315-47A4-B6C8-3ED7BFA3ECDB}.Release|Any CPU.ActiveCfg = Release|Any CPU
		{0EB77A5B-F315-47A4-B6C8-3ED7BFA3ECDB}.Release|Any CPU.Build.0 = Release|Any CPU
		{5A540F03-F6D1-41AF-A0AA-FE0524155D9E}.Debug|Any CPU.ActiveCfg = Debug|Any CPU
		{5A540F03-F6D1-41AF-A0AA-FE0524155D9E}.Debug|Any CPU.Build.0 = Debug|Any CPU
		{5A540F03-F6D1-41AF-A0AA-FE0524155D9E}.Release|Any CPU.ActiveCfg = Release|Any CPU
		{5A540F03-F6D1-41AF-A0AA-FE0524155D9E}.Release|Any CPU.Build.0 = Release|Any CPU
		{337613E7-D70D-4CAF-8668-F89D99DEFA97}.Debug|Any CPU.ActiveCfg = Debug|Any CPU
		{337613E7-D70D-4CAF-8668-F89D99DEFA97}.Debug|Any CPU.Build.0 = Debug|Any CPU
		{337613E7-D70D-4CAF-8668-F89D99DEFA97}.Release|Any CPU.ActiveCfg = Release|Any CPU
		{337613E7-D70D-4CAF-8668-F89D99DEFA97}.Release|Any CPU.Build.0 = Release|Any CPU
	EndGlobalSection
	GlobalSection(SolutionProperties) = preSolution
		HideSolutionNode = FALSE
	EndGlobalSection
	GlobalSection(NestedProjects) = preSolution
		{490ECD45-8510-4A33-8603-D2A03895FAF3} = {DDB4EF12-CC4E-5E88-E6FC-71A802F4DE97}
		{FA8025D6-901D-4378-8017-4942F200444A} = {DDB4EF12-CC4E-5E88-E6FC-71A802F4DE97}
		{2B8C1634-DC25-4E72-8585-FD4258700300} = {DDB4EF12-CC4E-5E88-E6FC-71A802F4DE97}
		{0EB77A5B-F315-47A4-B6C8-3ED7BFA3ECDB} = {DDB4EF12-CC4E-5E88-E6FC-71A802F4DE97}
		{5A540F03-F6D1-41AF-A0AA-FE0524155D9E} = {42738C54-304F-492B-8BE4-0FB775A7CAC7}
		{337613E7-D70D-4CAF-8668-F89D99DEFA97} = {42738C54-304F-492B-8BE4-0FB775A7CAC7}
	EndGlobalSection
	GlobalSection(ExtensibilityGlobals) = postSolution
		SolutionGuid = {32B13273-7204-40F1-8FB6-0BECDF6BF06C}
	EndGlobalSection
EndGlobal
