
Microsoft Visual Studio Solution File, Format Version 12.00
# Visual Studio Version 17
VisualStudioVersion = 17.14.36221.1 d17.14
MinimumVisualStudioVersion = 10.0.40219.1
Project("{FAE04EC0-301F-11D3-BF4B-00C04F79EFBC}") = "LowCodeApp", "LowCodeApp.csproj", "{6A4A4E1D-4DC8-7FB2-97D5-9485C68BF812}"
EndProject
Project("{FAE04EC0-301F-11D3-BF4B-00C04F79EFBC}") = "LowCodeSamples.Client.Shared", "..\LowCodeSamples.Client.Shared\LowCodeSamples.Client.Shared.csproj", "{10CD8F19-0E7C-C7E1-C7C5-6B6097F8666D}"
EndProject
Global
	GlobalSection(SolutionConfigurationPlatforms) = preSolution
		Debug|Any CPU = Debug|Any CPU
		Release|Any CPU = Release|Any CPU
	EndGlobalSection
	GlobalSection(ProjectConfigurationPlatforms) = postSolution
		{6A4A4E1D-4DC8-7FB2-97D5-9485C68BF812}.Debug|Any CPU.ActiveCfg = Debug|Any CPU
		{6A4A4E1D-4DC8-7FB2-97D5-9485C68BF812}.Debug|Any CPU.Build.0 = Debug|Any CPU
		{6A4A4E1D-4DC8-7FB2-97D5-9485C68BF812}.Debug|Any CPU.Deploy.0 = Debug|Any CPU
		{6A4A4E1D-4DC8-7FB2-97D5-9485C68BF812}.Release|Any CPU.ActiveCfg = Release|Any CPU
		{6A4A4E1D-4DC8-7FB2-97D5-9485C68BF812}.Release|Any CPU.Build.0 = Release|Any CPU
		{6A4A4E1D-4DC8-7FB2-97D5-9485C68BF812}.Release|Any CPU.Deploy.0 = Release|Any CPU
		{10CD8F19-0E7C-C7E1-C7C5-6B6097F8666D}.Debug|Any CPU.ActiveCfg = Debug|Any CPU
		{10CD8F19-0E7C-C7E1-C7C5-6B6097F8666D}.Debug|Any CPU.Build.0 = Debug|Any CPU
		{10CD8F19-0E7C-C7E1-C7C5-6B6097F8666D}.Release|Any CPU.ActiveCfg = Release|Any CPU
		{10CD8F19-0E7C-C7E1-C7C5-6B6097F8666D}.Release|Any CPU.Build.0 = Release|Any CPU
	EndGlobalSection
	GlobalSection(SolutionProperties) = preSolution
		HideSolutionNode = FALSE
	EndGlobalSection
	GlobalSection(ExtensibilityGlobals) = postSolution
		SolutionGuid = {5A8FFB0D-BCAB-4BBC-8547-24A6CBDC8638}
	EndGlobalSection
EndGlobal
